// !$*UTF8*$!
{
	archiveVersion = 1;
	classes = {
	};
	objectVersion = 55;
	objects = {

/* Begin PBXBuildFile section */
		EDF572AF2A126E9A00A275BD /* AppDelegate.swift in Sources */ = {isa = PBXBuildFile; fileRef = EDF572AE2A126E9A00A275BD /* AppDelegate.swift */; };
		EDF572B32A126E9A00A275BD /* ViewController.swift in Sources */ = {isa = PBXBuildFile; fileRef = EDF572B22A126E9A00A275BD /* ViewController.swift */; };
		EDF572B62A126E9A00A275BD /* Main.storyboard in Resources */ = {isa = PBXBuildFile; fileRef = EDF572B42A126E9A00A275BD /* Main.storyboard */; };
		EDF572B92A126E9A00A275BD /* OrdersDeliveryApp.xcdatamodeld in Sources */ = {isa = PBXBuildFile; fileRef = EDF572B72A126E9A00A275BD /* OrdersDeliveryApp.xcdatamodeld */; };
		EDF572BB2A126E9F00A275BD /* Assets.xcassets in Resources */ = {isa = PBXBuildFile; fileRef = EDF572BA2A126E9F00A275BD /* Assets.xcassets */; };
		EDF572BE2A126E9F00A275BD /* LaunchScreen.storyboard in Resources */ = {isa = PBXBuildFile; fileRef = EDF572BC2A126E9F00A275BD /* LaunchScreen.storyboard */; };
		EDF572C92A126E9F00A275BD /* OrdersDeliveryAppTests.swift in Sources */ = {isa = PBXBuildFile; fileRef = EDF572C82A126E9F00A275BD /* OrdersDeliveryAppTests.swift */; };
		EDF572D32A126EA000A275BD /* OrdersDeliveryAppUITests.swift in Sources */ = {isa = PBXBuildFile; fileRef = EDF572D22A126EA000A275BD /* OrdersDeliveryAppUITests.swift */; };
		EDF572D52A126EA000A275BD /* OrdersDeliveryAppUITestsLaunchTests.swift in Sources */ = {isa = PBXBuildFile; fileRef = EDF572D42A126EA000A275BD /* OrdersDeliveryAppUITestsLaunchTests.swift */; };
		EDF572E42A12709600A275BD /* Reload.swift in Sources */ = {isa = PBXBuildFile; fileRef = EDF572E22A12709500A275BD /* Reload.swift */; };
		EDF572E52A12709600A275BD /* SceneDelegate.swift in Sources */ = {isa = PBXBuildFile; fileRef = EDF572E32A12709500A275BD /* SceneDelegate.swift */; };
		EDF572E92A1270E300A275BD /* HomeVC.swift in Sources */ = {isa = PBXBuildFile; fileRef = EDF572E72A1270E300A275BD /* HomeVC.swift */; };
		EDF572EA2A1270E300A275BD /* HomeVC.xib in Resources */ = {isa = PBXBuildFile; fileRef = EDF572E82A1270E300A275BD /* HomeVC.xib */; };
		EDF572EE2A1271E400A275BD /* OrderCell.swift in Sources */ = {isa = PBXBuildFile; fileRef = EDF572EC2A1271E400A275BD /* OrderCell.swift */; };
		EDF572EF2A1271E400A275BD /* OrderCell.xib in Resources */ = {isa = PBXBuildFile; fileRef = EDF572ED2A1271E400A275BD /* OrderCell.xib */; };
		EDF572F12A12722F00A275BD /* HomeVC+DataSource.swift in Sources */ = {isa = PBXBuildFile; fileRef = EDF572F02A12722F00A275BD /* HomeVC+DataSource.swift */; };
		EDF572F32A12725700A275BD /* HomeVC+Delegates.swift in Sources */ = {isa = PBXBuildFile; fileRef = EDF572F22A12725700A275BD /* HomeVC+Delegates.swift */; };
		EDF572F62A12D7FB00A275BD /* OrdersCell.swift in Sources */ = {isa = PBXBuildFile; fileRef = EDF572F42A12D7FB00A275BD /* OrdersCell.swift */; };
		EDF572F72A12D7FB00A275BD /* OrdersCell.xib in Resources */ = {isa = PBXBuildFile; fileRef = EDF572F52A12D7FB00A275BD /* OrdersCell.xib */; };
		EDF573042A12DFCF00A275BD /* UIViewXRadialGradient.swift in Sources */ = {isa = PBXBuildFile; fileRef = EDF572FB2A12DFCF00A275BD /* UIViewXRadialGradient.swift */; };
		EDF573052A12DFCF00A275BD /* UITextFieldX.swift in Sources */ = {isa = PBXBuildFile; fileRef = EDF572FC2A12DFCF00A275BD /* UITextFieldX.swift */; };
		EDF573062A12DFCF00A275BD /* UIButtonX.swift in Sources */ = {isa = PBXBuildFile; fileRef = EDF572FD2A12DFCF00A275BD /* UIButtonX.swift */; };
		EDF573072A12DFCF00A275BD /* UILabelX.swift in Sources */ = {isa = PBXBuildFile; fileRef = EDF572FE2A12DFCF00A275BD /* UILabelX.swift */; };
		EDF573082A12DFCF00A275BD /* UIViewAnchorPoint.swift in Sources */ = {isa = PBXBuildFile; fileRef = EDF572FF2A12DFCF00A275BD /* UIViewAnchorPoint.swift */; };
		EDF573092A12DFCF00A275BD /* UIViewControllerX.swift in Sources */ = {isa = PBXBuildFile; fileRef = EDF573002A12DFCF00A275BD /* UIViewControllerX.swift */; };
		EDF5730A2A12DFCF00A275BD /* UIImageViewX.swift in Sources */ = {isa = PBXBuildFile; fileRef = EDF573012A12DFCF00A275BD /* UIImageViewX.swift */; };
		EDF5730B2A12DFCF00A275BD /* UIVisualEffectViewX.swift in Sources */ = {isa = PBXBuildFile; fileRef = EDF573022A12DFCF00A275BD /* UIVisualEffectViewX.swift */; };
		EDF5730C2A12DFCF00A275BD /* UISliderX.swift in Sources */ = {isa = PBXBuildFile; fileRef = EDF573032A12DFCF00A275BD /* UISliderX.swift */; };
		EDF5730E2A12E54E00A275BD /* UIViewX.swift in Sources */ = {isa = PBXBuildFile; fileRef = EDF5730D2A12E54E00A275BD /* UIViewX.swift */; };
		EDF573142A1343FA00A275BD /* Constants.swift in Sources */ = {isa = PBXBuildFile; fileRef = EDF573112A1343E500A275BD /* Constants.swift */; };
		EDF573152A1343FA00A275BD /* APIClient.swift in Sources */ = {isa = PBXBuildFile; fileRef = EDF573122A1343E500A275BD /* APIClient.swift */; };
		EDF573162A1343FA00A275BD /* APIRouter.swift in Sources */ = {isa = PBXBuildFile; fileRef = EDF573132A1343E500A275BD /* APIRouter.swift */; };
		EDF5731B2A1344A400A275BD /* Constants.swift in Sources */ = {isa = PBXBuildFile; fileRef = EDF573182A13446400A275BD /* Constants.swift */; };
		EDF5731C2A1344A400A275BD /* APIClient.swift in Sources */ = {isa = PBXBuildFile; fileRef = EDF573192A13446400A275BD /* APIClient.swift */; };
		EDF5731D2A1344A400A275BD /* APIRouter.swift in Sources */ = {isa = PBXBuildFile; fileRef = EDF5731A2A13446400A275BD /* APIRouter.swift */; };
/* End PBXBuildFile section */

/* Begin PBXContainerItemProxy section */
		EDF572C52A126E9F00A275BD /* PBXContainerItemProxy */ = {
			isa = PBXContainerItemProxy;
			containerPortal = EDF572A32A126E9A00A275BD /* Project object */;
			proxyType = 1;
			remoteGlobalIDString = EDF572AA2A126E9A00A275BD;
			remoteInfo = OrdersDeliveryApp;
		};
		EDF572CF2A126EA000A275BD /* PBXContainerItemProxy */ = {
			isa = PBXContainerItemProxy;
			containerPortal = EDF572A32A126E9A00A275BD /* Project object */;
			proxyType = 1;
			remoteGlobalIDString = EDF572AA2A126E9A00A275BD;
			remoteInfo = OrdersDeliveryApp;
		};
/* End PBXContainerItemProxy section */

/* Begin PBXFileReference section */
		EDF572AB2A126E9A00A275BD /* OrdersDeliveryApp.app */ = {isa = PBXFileReference; explicitFileType = wrapper.application; includeInIndex = 0; path = OrdersDeliveryApp.app; sourceTree = BUILT_PRODUCTS_DIR; };
		EDF572AE2A126E9A00A275BD /* AppDelegate.swift */ = {isa = PBXFileReference; lastKnownFileType = sourcecode.swift; path = AppDelegate.swift; sourceTree = "<group>"; };
		EDF572B22A126E9A00A275BD /* ViewController.swift */ = {isa = PBXFileReference; lastKnownFileType = sourcecode.swift; path = ViewController.swift; sourceTree = "<group>"; };
		EDF572B52A126E9A00A275BD /* Base */ = {isa = PBXFileReference; lastKnownFileType = file.storyboard; name = Base; path = Base.lproj/Main.storyboard; sourceTree = "<group>"; };
		EDF572B82A126E9A00A275BD /* OrdersDeliveryApp.xcdatamodel */ = {isa = PBXFileReference; lastKnownFileType = wrapper.xcdatamodel; path = OrdersDeliveryApp.xcdatamodel; sourceTree = "<group>"; };
		EDF572BA2A126E9F00A275BD /* Assets.xcassets */ = {isa = PBXFileReference; lastKnownFileType = folder.assetcatalog; path = Assets.xcassets; sourceTree = "<group>"; };
		EDF572BD2A126E9F00A275BD /* Base */ = {isa = PBXFileReference; lastKnownFileType = file.storyboard; name = Base; path = Base.lproj/LaunchScreen.storyboard; sourceTree = "<group>"; };
		EDF572BF2A126E9F00A275BD /* Info.plist */ = {isa = PBXFileReference; lastKnownFileType = text.plist.xml; path = Info.plist; sourceTree = "<group>"; };
		EDF572C42A126E9F00A275BD /* OrdersDeliveryAppTests.xctest */ = {isa = PBXFileReference; explicitFileType = wrapper.cfbundle; includeInIndex = 0; path = OrdersDeliveryAppTests.xctest; sourceTree = BUILT_PRODUCTS_DIR; };
		EDF572C82A126E9F00A275BD /* OrdersDeliveryAppTests.swift */ = {isa = PBXFileReference; lastKnownFileType = sourcecode.swift; path = OrdersDeliveryAppTests.swift; sourceTree = "<group>"; };
		EDF572CE2A126EA000A275BD /* OrdersDeliveryAppUITests.xctest */ = {isa = PBXFileReference; explicitFileType = wrapper.cfbundle; includeInIndex = 0; path = OrdersDeliveryAppUITests.xctest; sourceTree = BUILT_PRODUCTS_DIR; };
		EDF572D22A126EA000A275BD /* OrdersDeliveryAppUITests.swift */ = {isa = PBXFileReference; lastKnownFileType = sourcecode.swift; path = OrdersDeliveryAppUITests.swift; sourceTree = "<group>"; };
		EDF572D42A126EA000A275BD /* OrdersDeliveryAppUITestsLaunchTests.swift */ = {isa = PBXFileReference; lastKnownFileType = sourcecode.swift; path = OrdersDeliveryAppUITestsLaunchTests.swift; sourceTree = "<group>"; };
		EDF572E22A12709500A275BD /* Reload.swift */ = {isa = PBXFileReference; fileEncoding = 4; lastKnownFileType = sourcecode.swift; path = Reload.swift; sourceTree = "<group>"; };
		EDF572E32A12709500A275BD /* SceneDelegate.swift */ = {isa = PBXFileReference; fileEncoding = 4; lastKnownFileType = sourcecode.swift; name = SceneDelegate.swift; path = ../../../../.Trash/OrdersDeliveryApp/OrdersDeliveryApp/AppDelegates/SceneDelegate.swift; sourceTree = "<group>"; };
		EDF572E72A1270E300A275BD /* HomeVC.swift */ = {isa = PBXFileReference; lastKnownFileType = sourcecode.swift; path = HomeVC.swift; sourceTree = "<group>"; };
		EDF572E82A1270E300A275BD /* HomeVC.xib */ = {isa = PBXFileReference; lastKnownFileType = file.xib; path = HomeVC.xib; sourceTree = "<group>"; };
		EDF572EC2A1271E400A275BD /* OrderCell.swift */ = {isa = PBXFileReference; lastKnownFileType = sourcecode.swift; path = OrderCell.swift; sourceTree = "<group>"; };
		EDF572ED2A1271E400A275BD /* OrderCell.xib */ = {isa = PBXFileReference; lastKnownFileType = file.xib; path = OrderCell.xib; sourceTree = "<group>"; };
		EDF572F02A12722F00A275BD /* HomeVC+DataSource.swift */ = {isa = PBXFileReference; lastKnownFileType = sourcecode.swift; path = "HomeVC+DataSource.swift"; sourceTree = "<group>"; };
		EDF572F22A12725700A275BD /* HomeVC+Delegates.swift */ = {isa = PBXFileReference; lastKnownFileType = sourcecode.swift; path = "HomeVC+Delegates.swift"; sourceTree = "<group>"; };
		EDF572F42A12D7FB00A275BD /* OrdersCell.swift */ = {isa = PBXFileReference; lastKnownFileType = sourcecode.swift; path = OrdersCell.swift; sourceTree = "<group>"; };
		EDF572F52A12D7FB00A275BD /* OrdersCell.xib */ = {isa = PBXFileReference; lastKnownFileType = file.xib; path = OrdersCell.xib; sourceTree = "<group>"; };
		EDF572F92A12DFCF00A275BD /* Header.h */ = {isa = PBXFileReference; fileEncoding = 4; lastKnownFileType = sourcecode.c.h; path = Header.h; sourceTree = "<group>"; };
		EDF572FB2A12DFCF00A275BD /* UIViewXRadialGradient.swift */ = {isa = PBXFileReference; fileEncoding = 4; lastKnownFileType = sourcecode.swift; path = UIViewXRadialGradient.swift; sourceTree = "<group>"; };
		EDF572FC2A12DFCF00A275BD /* UITextFieldX.swift */ = {isa = PBXFileReference; fileEncoding = 4; lastKnownFileType = sourcecode.swift; path = UITextFieldX.swift; sourceTree = "<group>"; };
		EDF572FD2A12DFCF00A275BD /* UIButtonX.swift */ = {isa = PBXFileReference; fileEncoding = 4; lastKnownFileType = sourcecode.swift; path = UIButtonX.swift; sourceTree = "<group>"; };
		EDF572FE2A12DFCF00A275BD /* UILabelX.swift */ = {isa = PBXFileReference; fileEncoding = 4; lastKnownFileType = sourcecode.swift; path = UILabelX.swift; sourceTree = "<group>"; };
		EDF572FF2A12DFCF00A275BD /* UIViewAnchorPoint.swift */ = {isa = PBXFileReference; fileEncoding = 4; lastKnownFileType = sourcecode.swift; path = UIViewAnchorPoint.swift; sourceTree = "<group>"; };
		EDF573002A12DFCF00A275BD /* UIViewControllerX.swift */ = {isa = PBXFileReference; fileEncoding = 4; lastKnownFileType = sourcecode.swift; path = UIViewControllerX.swift; sourceTree = "<group>"; };
		EDF573012A12DFCF00A275BD /* UIImageViewX.swift */ = {isa = PBXFileReference; fileEncoding = 4; lastKnownFileType = sourcecode.swift; path = UIImageViewX.swift; sourceTree = "<group>"; };
		EDF573022A12DFCF00A275BD /* UIVisualEffectViewX.swift */ = {isa = PBXFileReference; fileEncoding = 4; lastKnownFileType = sourcecode.swift; path = UIVisualEffectViewX.swift; sourceTree = "<group>"; };
		EDF573032A12DFCF00A275BD /* UISliderX.swift */ = {isa = PBXFileReference; fileEncoding = 4; lastKnownFileType = sourcecode.swift; path = UISliderX.swift; sourceTree = "<group>"; };
		EDF5730D2A12E54E00A275BD /* UIViewX.swift */ = {isa = PBXFileReference; fileEncoding = 4; lastKnownFileType = sourcecode.swift; path = UIViewX.swift; sourceTree = "<group>"; };
		EDF573112A1343E500A275BD /* Constants.swift */ = {isa = PBXFileReference; fileEncoding = 4; lastKnownFileType = sourcecode.swift; path = Constants.swift; sourceTree = "<group>"; };
		EDF573122A1343E500A275BD /* APIClient.swift */ = {isa = PBXFileReference; fileEncoding = 4; lastKnownFileType = sourcecode.swift; path = APIClient.swift; sourceTree = "<group>"; };
		EDF573132A1343E500A275BD /* APIRouter.swift */ = {isa = PBXFileReference; fileEncoding = 4; lastKnownFileType = sourcecode.swift; path = APIRouter.swift; sourceTree = "<group>"; };
		EDF573182A13446400A275BD /* Constants.swift */ = {isa = PBXFileReference; fileEncoding = 4; lastKnownFileType = sourcecode.swift; path = Constants.swift; sourceTree = "<group>"; };
		EDF573192A13446400A275BD /* APIClient.swift */ = {isa = PBXFileReference; fileEncoding = 4; lastKnownFileType = sourcecode.swift; path = APIClient.swift; sourceTree = "<group>"; };
		EDF5731A2A13446400A275BD /* APIRouter.swift */ = {isa = PBXFileReference; fileEncoding = 4; lastKnownFileType = sourcecode.swift; path = APIRouter.swift; sourceTree = "<group>"; };
/* End PBXFileReference section */

/* Begin PBXFrameworksBuildPhase section */
		EDF572A82A126E9A00A275BD /* Frameworks */ = {
			isa = PBXFrameworksBuildPhase;
			buildActionMask = 2147483647;
			files = (
			);
			runOnlyForDeploymentPostprocessing = 0;
		};
		EDF572C12A126E9F00A275BD /* Frameworks */ = {
			isa = PBXFrameworksBuildPhase;
			buildActionMask = 2147483647;
			files = (
			);
			runOnlyForDeploymentPostprocessing = 0;
		};
		EDF572CB2A126EA000A275BD /* Frameworks */ = {
			isa = PBXFrameworksBuildPhase;
			buildActionMask = 2147483647;
			files = (
			);
			runOnlyForDeploymentPostprocessing = 0;
		};
/* End PBXFrameworksBuildPhase section */

/* Begin PBXGroup section */
		EDF572A22A126E9A00A275BD = {
			isa = PBXGroup;
			children = (
				EDF572AD2A126E9A00A275BD /* OrdersDeliveryApp */,
				EDF572C72A126E9F00A275BD /* OrdersDeliveryAppTests */,
				EDF572D12A126EA000A275BD /* OrdersDeliveryAppUITests */,
				EDF572AC2A126E9A00A275BD /* Products */,
			);
			sourceTree = "<group>";
		};
		EDF572AC2A126E9A00A275BD /* Products */ = {
			isa = PBXGroup;
			children = (
				EDF572AB2A126E9A00A275BD /* OrdersDeliveryApp.app */,
				EDF572C42A126E9F00A275BD /* OrdersDeliveryAppTests.xctest */,
				EDF572CE2A126EA000A275BD /* OrdersDeliveryAppUITests.xctest */,
			);
			name = Products;
			sourceTree = "<group>";
		};
		EDF572AD2A126E9A00A275BD /* OrdersDeliveryApp */ = {
			isa = PBXGroup;
			children = (
				EDF5730F2A1300FB00A275BD /* API */,
				EDF573102A1343E500A275BD /* API */,
				EDF572E62A1270AE00A275BD /* HomeVC */,
				EDF572E12A12705400A275BD /* AppDelegates */,
				EDF572F82A12DFCF00A275BD /* SF */,
				EDF572B22A126E9A00A275BD /* ViewController.swift */,
				EDF572B42A126E9A00A275BD /* Main.storyboard */,
				EDF572BA2A126E9F00A275BD /* Assets.xcassets */,
				EDF572BC2A126E9F00A275BD /* LaunchScreen.storyboard */,
				EDF572BF2A126E9F00A275BD /* Info.plist */,
				EDF572B72A126E9A00A275BD /* OrdersDeliveryApp.xcdatamodeld */,
			);
			path = OrdersDeliveryApp;
			sourceTree = "<group>";
		};
		EDF572C72A126E9F00A275BD /* OrdersDeliveryAppTests */ = {
			isa = PBXGroup;
			children = (
				EDF572C82A126E9F00A275BD /* OrdersDeliveryAppTests.swift */,
			);
			path = OrdersDeliveryAppTests;
			sourceTree = "<group>";
		};
		EDF572D12A126EA000A275BD /* OrdersDeliveryAppUITests */ = {
			isa = PBXGroup;
			children = (
				EDF572D22A126EA000A275BD /* OrdersDeliveryAppUITests.swift */,
				EDF572D42A126EA000A275BD /* OrdersDeliveryAppUITestsLaunchTests.swift */,
			);
			path = OrdersDeliveryAppUITests;
			sourceTree = "<group>";
		};
		EDF572E12A12705400A275BD /* AppDelegates */ = {
			isa = PBXGroup;
			children = (
				EDF572AE2A126E9A00A275BD /* AppDelegate.swift */,
				EDF572E22A12709500A275BD /* Reload.swift */,
				EDF572E32A12709500A275BD /* SceneDelegate.swift */,
			);
			path = AppDelegates;
			sourceTree = "<group>";
		};
		EDF572E62A1270AE00A275BD /* HomeVC */ = {
			isa = PBXGroup;
			children = (
				EDF572EB2A1270FA00A275BD /* Cells */,
				EDF572E72A1270E300A275BD /* HomeVC.swift */,
				EDF572E82A1270E300A275BD /* HomeVC.xib */,
				EDF572F02A12722F00A275BD /* HomeVC+DataSource.swift */,
				EDF572F22A12725700A275BD /* HomeVC+Delegates.swift */,
			);
			path = HomeVC;
			sourceTree = "<group>";
		};
		EDF572EB2A1270FA00A275BD /* Cells */ = {
			isa = PBXGroup;
			children = (
				EDF572EC2A1271E400A275BD /* OrderCell.swift */,
				EDF572ED2A1271E400A275BD /* OrderCell.xib */,
				EDF572F42A12D7FB00A275BD /* OrdersCell.swift */,
				EDF572F52A12D7FB00A275BD /* OrdersCell.xib */,
			);
			path = Cells;
			sourceTree = "<group>";
		};
		EDF572F82A12DFCF00A275BD /* SF */ = {
			isa = PBXGroup;
			children = (
				EDF572F92A12DFCF00A275BD /* Header.h */,
				EDF572FA2A12DFCF00A275BD /* DesignableX */,
			);
			path = SF;
			sourceTree = "<group>";
		};
		EDF572FA2A12DFCF00A275BD /* DesignableX */ = {
			isa = PBXGroup;
			children = (
				EDF572FB2A12DFCF00A275BD /* UIViewXRadialGradient.swift */,
				EDF572FC2A12DFCF00A275BD /* UITextFieldX.swift */,
				EDF572FD2A12DFCF00A275BD /* UIButtonX.swift */,
				EDF572FE2A12DFCF00A275BD /* UILabelX.swift */,
				EDF5730D2A12E54E00A275BD /* UIViewX.swift */,
				EDF572FF2A12DFCF00A275BD /* UIViewAnchorPoint.swift */,
				EDF573002A12DFCF00A275BD /* UIViewControllerX.swift */,
				EDF573012A12DFCF00A275BD /* UIImageViewX.swift */,
				EDF573022A12DFCF00A275BD /* UIVisualEffectViewX.swift */,
				EDF573032A12DFCF00A275BD /* UISliderX.swift */,
			);
			path = DesignableX;
			sourceTree = "<group>";
		};
		EDF5730F2A1300FB00A275BD /* API */ = {
			isa = PBXGroup;
			children = (
				EDF573172A13445100A275BD /* API */,
			);
			path = API;
			sourceTree = "<group>";
		};
		EDF573102A1343E500A275BD /* API */ = {
			isa = PBXGroup;
			children = (
				EDF573112A1343E500A275BD /* Constants.swift */,
				EDF573122A1343E500A275BD /* APIClient.swift */,
				EDF573132A1343E500A275BD /* APIRouter.swift */,
			);
			name = API;
			path = API/API;
			sourceTree = "<group>";
		};
		EDF573172A13445100A275BD /* API */ = {
			isa = PBXGroup;
			children = (
				EDF573182A13446400A275BD /* Constants.swift */,
				EDF573192A13446400A275BD /* APIClient.swift */,
				EDF5731A2A13446400A275BD /* APIRouter.swift */,
			);
			name = API;
			path = "../../../../../../Volumes/KingstonUSB/removable/New Folder With Items/MoviesApp/MoviesApp/API";
			sourceTree = "<group>";
		};
/* End PBXGroup section */

/* Begin PBXNativeTarget section */
		EDF572AA2A126E9A00A275BD /* OrdersDeliveryApp */ = {
			isa = PBXNativeTarget;
			buildConfigurationList = EDF572D82A126EA000A275BD /* Build configuration list for PBXNativeTarget "OrdersDeliveryApp" */;
			buildPhases = (
				EDF572A72A126E9A00A275BD /* Sources */,
				EDF572A82A126E9A00A275BD /* Frameworks */,
				EDF572A92A126E9A00A275BD /* Resources */,
			);
			buildRules = (
			);
			dependencies = (
			);
			name = OrdersDeliveryApp;
			productName = OrdersDeliveryApp;
			productReference = EDF572AB2A126E9A00A275BD /* OrdersDeliveryApp.app */;
			productType = "com.apple.product-type.application";
		};
		EDF572C32A126E9F00A275BD /* OrdersDeliveryAppTests */ = {
			isa = PBXNativeTarget;
			buildConfigurationList = EDF572DB2A126EA000A275BD /* Build configuration list for PBXNativeTarget "OrdersDeliveryAppTests" */;
			buildPhases = (
				EDF572C02A126E9F00A275BD /* Sources */,
				EDF572C12A126E9F00A275BD /* Frameworks */,
				EDF572C22A126E9F00A275BD /* Resources */,
			);
			buildRules = (
			);
			dependencies = (
				EDF572C62A126E9F00A275BD /* PBXTargetDependency */,
			);
			name = OrdersDeliveryAppTests;
			productName = OrdersDeliveryAppTests;
			productReference = EDF572C42A126E9F00A275BD /* OrdersDeliveryAppTests.xctest */;
			productType = "com.apple.product-type.bundle.unit-test";
		};
		EDF572CD2A126EA000A275BD /* OrdersDeliveryAppUITests */ = {
			isa = PBXNativeTarget;
			buildConfigurationList = EDF572DE2A126EA000A275BD /* Build configuration list for PBXNativeTarget "OrdersDeliveryAppUITests" */;
			buildPhases = (
				EDF572CA2A126EA000A275BD /* Sources */,
				EDF572CB2A126EA000A275BD /* Frameworks */,
				EDF572CC2A126EA000A275BD /* Resources */,
			);
			buildRules = (
			);
			dependencies = (
				EDF572D02A126EA000A275BD /* PBXTargetDependency */,
			);
			name = OrdersDeliveryAppUITests;
			productName = OrdersDeliveryAppUITests;
			productReference = EDF572CE2A126EA000A275BD /* OrdersDeliveryAppUITests.xctest */;
			productType = "com.apple.product-type.bundle.ui-testing";
		};
/* End PBXNativeTarget section */

/* Begin PBXProject section */
		EDF572A32A126E9A00A275BD /* Project object */ = {
			isa = PBXProject;
			attributes = {
				BuildIndependentTargetsInParallel = 1;
				LastSwiftUpdateCheck = 1340;
				LastUpgradeCheck = 1340;
				TargetAttributes = {
					EDF572AA2A126E9A00A275BD = {
						CreatedOnToolsVersion = 13.4.1;
					};
					EDF572C32A126E9F00A275BD = {
						CreatedOnToolsVersion = 13.4.1;
						TestTargetID = EDF572AA2A126E9A00A275BD;
					};
					EDF572CD2A126EA000A275BD = {
						CreatedOnToolsVersion = 13.4.1;
						TestTargetID = EDF572AA2A126E9A00A275BD;
					};
				};
			};
			buildConfigurationList = EDF572A62A126E9A00A275BD /* Build configuration list for PBXProject "OrdersDeliveryApp" */;
			compatibilityVersion = "Xcode 13.0";
			developmentRegion = en;
			hasScannedForEncodings = 0;
			knownRegions = (
				en,
				Base,
			);
			mainGroup = EDF572A22A126E9A00A275BD;
			productRefGroup = EDF572AC2A126E9A00A275BD /* Products */;
			projectDirPath = "";
			projectRoot = "";
			targets = (
				EDF572AA2A126E9A00A275BD /* OrdersDeliveryApp */,
				EDF572C32A126E9F00A275BD /* OrdersDeliveryAppTests */,
				EDF572CD2A126EA000A275BD /* OrdersDeliveryAppUITests */,
			);
		};
/* End PBXProject section */

/* Begin PBXResourcesBuildPhase section */
		EDF572A92A126E9A00A275BD /* Resources */ = {
			isa = PBXResourcesBuildPhase;
			buildActionMask = 2147483647;
			files = (
				EDF572F72A12D7FB00A275BD /* OrdersCell.xib in Resources */,
				EDF572EF2A1271E400A275BD /* OrderCell.xib in Resources */,
				EDF572BE2A126E9F00A275BD /* LaunchScreen.storyboard in Resources */,
				EDF572EA2A1270E300A275BD /* HomeVC.xib in Resources */,
				EDF572BB2A126E9F00A275BD /* Assets.xcassets in Resources */,
				EDF572B62A126E9A00A275BD /* Main.storyboard in Resources */,
			);
			runOnlyForDeploymentPostprocessing = 0;
		};
		EDF572C22A126E9F00A275BD /* Resources */ = {
			isa = PBXResourcesBuildPhase;
			buildActionMask = 2147483647;
			files = (
			);
			runOnlyForDeploymentPostprocessing = 0;
		};
		EDF572CC2A126EA000A275BD /* Resources */ = {
			isa = PBXResourcesBuildPhase;
			buildActionMask = 2147483647;
			files = (
			);
			runOnlyForDeploymentPostprocessing = 0;
		};
/* End PBXResourcesBuildPhase section */

/* Begin PBXSourcesBuildPhase section */
		EDF572A72A126E9A00A275BD /* Sources */ = {
			isa = PBXSourcesBuildPhase;
			buildActionMask = 2147483647;
			files = (
				EDF573082A12DFCF00A275BD /* UIViewAnchorPoint.swift in Sources */,
				EDF573052A12DFCF00A275BD /* UITextFieldX.swift in Sources */,
				EDF5730B2A12DFCF00A275BD /* UIVisualEffectViewX.swift in Sources */,
				EDF5731C2A1344A400A275BD /* APIClient.swift in Sources */,
				EDF572F62A12D7FB00A275BD /* OrdersCell.swift in Sources */,
				EDF572E42A12709600A275BD /* Reload.swift in Sources */,
				EDF573152A1343FA00A275BD /* APIClient.swift in Sources */,
				EDF573072A12DFCF00A275BD /* UILabelX.swift in Sources */,
				EDF5730A2A12DFCF00A275BD /* UIImageViewX.swift in Sources */,
				EDF572B32A126E9A00A275BD /* ViewController.swift in Sources */,
				EDF572EE2A1271E400A275BD /* OrderCell.swift in Sources */,
				EDF573092A12DFCF00A275BD /* UIViewControllerX.swift in Sources */,
				EDF573062A12DFCF00A275BD /* UIButtonX.swift in Sources */,
				EDF573142A1343FA00A275BD /* Constants.swift in Sources */,
				EDF572F12A12722F00A275BD /* HomeVC+DataSource.swift in Sources */,
				EDF572AF2A126E9A00A275BD /* AppDelegate.swift in Sources */,
				EDF5730E2A12E54E00A275BD /* UIViewX.swift in Sources */,
				EDF5730C2A12DFCF00A275BD /* UISliderX.swift in Sources */,
				EDF572F32A12725700A275BD /* HomeVC+Delegates.swift in Sources */,
				EDF572E92A1270E300A275BD /* HomeVC.swift in Sources */,
				EDF573042A12DFCF00A275BD /* UIViewXRadialGradient.swift in Sources */,
				EDF5731D2A1344A400A275BD /* APIRouter.swift in Sources */,
				EDF572B92A126E9A00A275BD /* OrdersDeliveryApp.xcdatamodeld in Sources */,
				EDF573162A1343FA00A275BD /* APIRouter.swift in Sources */,
				EDF572E52A12709600A275BD /* SceneDelegate.swift in Sources */,
				EDF5731B2A1344A400A275BD /* Constants.swift in Sources */,
			);
			runOnlyForDeploymentPostprocessing = 0;
		};
		EDF572C02A126E9F00A275BD /* Sources */ = {
			isa = PBXSourcesBuildPhase;
			buildActionMask = 2147483647;
			files = (
				EDF572C92A126E9F00A275BD /* OrdersDeliveryAppTests.swift in Sources */,
			);
			runOnlyForDeploymentPostprocessing = 0;
		};
		EDF572CA2A126EA000A275BD /* Sources */ = {
			isa = PBXSourcesBuildPhase;
			buildActionMask = 2147483647;
			files = (
				EDF572D32A126EA000A275BD /* OrdersDeliveryAppUITests.swift in Sources */,
				EDF572D52A126EA000A275BD /* OrdersDeliveryAppUITestsLaunchTests.swift in Sources */,
			);
			runOnlyForDeploymentPostprocessing = 0;
		};
/* End PBXSourcesBuildPhase section */

/* Begin PBXTargetDependency section */
		EDF572C62A126E9F00A275BD /* PBXTargetDependency */ = {
			isa = PBXTargetDependency;
			target = EDF572AA2A126E9A00A275BD /* OrdersDeliveryApp */;
			targetProxy = EDF572C52A126E9F00A275BD /* PBXContainerItemProxy */;
		};
		EDF572D02A126EA000A275BD /* PBXTargetDependency */ = {
			isa = PBXTargetDependency;
			target = EDF572AA2A126E9A00A275BD /* OrdersDeliveryApp */;
			targetProxy = EDF572CF2A126EA000A275BD /* PBXContainerItemProxy */;
		};
/* End PBXTargetDependency section */

/* Begin PBXVariantGroup section */
		EDF572B42A126E9A00A275BD /* Main.storyboard */ = {
			isa = PBXVariantGroup;
			children = (
				EDF572B52A126E9A00A275BD /* Base */,
			);
			name = Main.storyboard;
			sourceTree = "<group>";
		};
		EDF572BC2A126E9F00A275BD /* LaunchScreen.storyboard */ = {
			isa = PBXVariantGroup;
			children = (
				EDF572BD2A126E9F00A275BD /* Base */,
			);
			name = LaunchScreen.storyboard;
			sourceTree = "<group>";
		};
/* End PBXVariantGroup section */

/* Begin XCBuildConfiguration section */
		EDF572D62A126EA000A275BD /* Debug */ = {
			isa = XCBuildConfiguration;
			buildSettings = {
				ALWAYS_SEARCH_USER_PATHS = NO;
				CLANG_ANALYZER_NONNULL = YES;
				CLANG_ANALYZER_NUMBER_OBJECT_CONVERSION = YES_AGGRESSIVE;
				CLANG_CXX_LANGUAGE_STANDARD = "gnu++17";
				CLANG_ENABLE_MODULES = YES;
				CLANG_ENABLE_OBJC_ARC = YES;
				CLANG_ENABLE_OBJC_WEAK = YES;
				CLANG_WARN_BLOCK_CAPTURE_AUTORELEASING = YES;
				CLANG_WARN_BOOL_CONVERSION = YES;
				CLANG_WARN_COMMA = YES;
				CLANG_WARN_CONSTANT_CONVERSION = YES;
				CLANG_WARN_DEPRECATED_OBJC_IMPLEMENTATIONS = YES;
				CLANG_WARN_DIRECT_OBJC_ISA_USAGE = YES_ERROR;
				CLANG_WARN_DOCUMENTATION_COMMENTS = YES;
				CLANG_WARN_EMPTY_BODY = YES;
				CLANG_WARN_ENUM_CONVERSION = YES;
				CLANG_WARN_INFINITE_RECURSION = YES;
				CLANG_WARN_INT_CONVERSION = YES;
				CLANG_WARN_NON_LITERAL_NULL_CONVERSION = YES;
				CLANG_WARN_OBJC_IMPLICIT_RETAIN_SELF = YES;
				CLANG_WARN_OBJC_LITERAL_CONVERSION = YES;
				CLANG_WARN_OBJC_ROOT_CLASS = YES_ERROR;
				CLANG_WARN_QUOTED_INCLUDE_IN_FRAMEWORK_HEADER = YES;
				CLANG_WARN_RANGE_LOOP_ANALYSIS = YES;
				CLANG_WARN_STRICT_PROTOTYPES = YES;
				CLANG_WARN_SUSPICIOUS_MOVE = YES;
				CLANG_WARN_UNGUARDED_AVAILABILITY = YES_AGGRESSIVE;
				CLANG_WARN_UNREACHABLE_CODE = YES;
				CLANG_WARN__DUPLICATE_METHOD_MATCH = YES;
				COPY_PHASE_STRIP = NO;
				DEBUG_INFORMATION_FORMAT = dwarf;
				ENABLE_STRICT_OBJC_MSGSEND = YES;
				ENABLE_TESTABILITY = YES;
				GCC_C_LANGUAGE_STANDARD = gnu11;
				GCC_DYNAMIC_NO_PIC = NO;
				GCC_NO_COMMON_BLOCKS = YES;
				GCC_OPTIMIZATION_LEVEL = 0;
				GCC_PREPROCESSOR_DEFINITIONS = (
					"DEBUG=1",
					"$(inherited)",
				);
				GCC_WARN_64_TO_32_BIT_CONVERSION = YES;
				GCC_WARN_ABOUT_RETURN_TYPE = YES_ERROR;
				GCC_WARN_UNDECLARED_SELECTOR = YES;
				GCC_WARN_UNINITIALIZED_AUTOS = YES_AGGRESSIVE;
				GCC_WARN_UNUSED_FUNCTION = YES;
				GCC_WARN_UNUSED_VARIABLE = YES;
				IPHONEOS_DEPLOYMENT_TARGET = 15.5;
				MTL_ENABLE_DEBUG_INFO = INCLUDE_SOURCE;
				MTL_FAST_MATH = YES;
				ONLY_ACTIVE_ARCH = YES;
				SDKROOT = iphoneos;
				SWIFT_ACTIVE_COMPILATION_CONDITIONS = DEBUG;
				SWIFT_OPTIMIZATION_LEVEL = "-Onone";
			};
			name = Debug;
		};
		EDF572D72A126EA000A275BD /* Release */ = {
			isa = XCBuildConfiguration;
			buildSettings = {
				ALWAYS_SEARCH_USER_PATHS = NO;
				CLANG_ANALYZER_NONNULL = YES;
				CLANG_ANALYZER_NUMBER_OBJECT_CONVERSION = YES_AGGRESSIVE;
				CLANG_CXX_LANGUAGE_STANDARD = "gnu++17";
				CLANG_ENABLE_MODULES = YES;
				CLANG_ENABLE_OBJC_ARC = YES;
				CLANG_ENABLE_OBJC_WEAK = YES;
				CLANG_WARN_BLOCK_CAPTURE_AUTORELEASING = YES;
				CLANG_WARN_BOOL_CONVERSION = YES;
				CLANG_WARN_COMMA = YES;
				CLANG_WARN_CONSTANT_CONVERSION = YES;
				CLANG_WARN_DEPRECATED_OBJC_IMPLEMENTATIONS = YES;
				CLANG_WARN_DIRECT_OBJC_ISA_USAGE = YES_ERROR;
				CLANG_WARN_DOCUMENTATION_COMMENTS = YES;
				CLANG_WARN_EMPTY_BODY = YES;
				CLANG_WARN_ENUM_CONVERSION = YES;
				CLANG_WARN_INFINITE_RECURSION = YES;
				CLANG_WARN_INT_CONVERSION = YES;
				CLANG_WARN_NON_LITERAL_NULL_CONVERSION = YES;
				CLANG_WARN_OBJC_IMPLICIT_RETAIN_SELF = YES;
				CLANG_WARN_OBJC_LITERAL_CONVERSION = YES;
				CLANG_WARN_OBJC_ROOT_CLASS = YES_ERROR;
				CLANG_WARN_QUOTED_INCLUDE_IN_FRAMEWORK_HEADER = YES;
				CLANG_WARN_RANGE_LOOP_ANALYSIS = YES;
				CLANG_WARN_STRICT_PROTOTYPES = YES;
				CLANG_WARN_SUSPICIOUS_MOVE = YES;
				CLANG_WARN_UNGUARDED_AVAILABILITY = YES_AGGRESSIVE;
				CLANG_WARN_UNREACHABLE_CODE = YES;
				CLANG_WARN__DUPLICATE_METHOD_MATCH = YES;
				COPY_PHASE_STRIP = NO;
				DEBUG_INFORMATION_FORMAT = "dwarf-with-dsym";
				ENABLE_NS_ASSERTIONS = NO;
				ENABLE_STRICT_OBJC_MSGSEND = YES;
				GCC_C_LANGUAGE_STANDARD = gnu11;
				GCC_NO_COMMON_BLOCKS = YES;
				GCC_WARN_64_TO_32_BIT_CONVERSION = YES;
				GCC_WARN_ABOUT_RETURN_TYPE = YES_ERROR;
				GCC_WARN_UNDECLARED_SELECTOR = YES;
				GCC_WARN_UNINITIALIZED_AUTOS = YES_AGGRESSIVE;
				GCC_WARN_UNUSED_FUNCTION = YES;
				GCC_WARN_UNUSED_VARIABLE = YES;
				IPHONEOS_DEPLOYMENT_TARGET = 15.5;
				MTL_ENABLE_DEBUG_INFO = NO;
				MTL_FAST_MATH = YES;
				SDKROOT = iphoneos;
				SWIFT_COMPILATION_MODE = wholemodule;
				SWIFT_OPTIMIZATION_LEVEL = "-O";
				VALIDATE_PRODUCT = YES;
			};
			name = Release;
		};
		EDF572D92A126EA000A275BD /* Debug */ = {
			isa = XCBuildConfiguration;
			buildSettings = {
				ASSETCATALOG_COMPILER_APPICON_NAME = AppIcon;
				ASSETCATALOG_COMPILER_GLOBAL_ACCENT_COLOR_NAME = AccentColor;
				CODE_SIGN_STYLE = Automatic;
				CURRENT_PROJECT_VERSION = 1;
				GENERATE_INFOPLIST_FILE = YES;
				INFOPLIST_FILE = OrdersDeliveryApp/Info.plist;
				INFOPLIST_KEY_UIApplicationSupportsIndirectInputEvents = YES;
				INFOPLIST_KEY_UILaunchStoryboardName = LaunchScreen;
				INFOPLIST_KEY_UIMainStoryboardFile = Main;
				INFOPLIST_KEY_UISupportedInterfaceOrientations_iPad = "UIInterfaceOrientationPortrait UIInterfaceOrientationPortraitUpsideDown UIInterfaceOrientationLandscapeLeft UIInterfaceOrientationLandscapeRight";
				INFOPLIST_KEY_UISupportedInterfaceOrientations_iPhone = "UIInterfaceOrientationPortrait UIInterfaceOrientationLandscapeLeft UIInterfaceOrientationLandscapeRight";
				LD_RUNPATH_SEARCH_PATHS = (
					"$(inherited)",
					"@executable_path/Frameworks",
				);
				MARKETING_VERSION = 1.0;
				PRODUCT_BUNDLE_IDENTIFIER = com.68lion.OrdersDeliveryApp;
				PRODUCT_NAME = "$(TARGET_NAME)";
				SWIFT_EMIT_LOC_STRINGS = YES;
				SWIFT_VERSION = 5.0;
				TARGETED_DEVICE_FAMILY = "1,2";
			};
			name = Debug;
		};
		EDF572DA2A126EA000A275BD /* Release */ = {
			isa = XCBuildConfiguration;
			buildSettings = {
				ASSETCATALOG_COMPILER_APPICON_NAME = AppIcon;
				ASSETCATALOG_COMPILER_GLOBAL_ACCENT_COLOR_NAME = AccentColor;
				CODE_SIGN_STYLE = Automatic;
				CURRENT_PROJECT_VERSION = 1;
				GENERATE_INFOPLIST_FILE = YES;
				INFOPLIST_FILE = OrdersDeliveryApp/Info.plist;
				INFOPLIST_KEY_UIApplicationSupportsIndirectInputEvents = YES;
				INFOPLIST_KEY_UILaunchStoryboardName = LaunchScreen;
				INFOPLIST_KEY_UIMainStoryboardFile = Main;
				INFOPLIST_KEY_UISupportedInterfaceOrientations_iPad = "UIInterfaceOrientationPortrait UIInterfaceOrientationPortraitUpsideDown UIInterfaceOrientationLandscapeLeft UIInterfaceOrientationLandscapeRight";
				INFOPLIST_KEY_UISupportedInterfaceOrientations_iPhone = "UIInterfaceOrientationPortrait UIInterfaceOrientationLandscapeLeft UIInterfaceOrientationLandscapeRight";
				LD_RUNPATH_SEARCH_PATHS = (
					"$(inherited)",
					"@executable_path/Frameworks",
				);
				MARKETING_VERSION = 1.0;
				PRODUCT_BUNDLE_IDENTIFIER = com.68lion.OrdersDeliveryApp;
				PRODUCT_NAME = "$(TARGET_NAME)";
				SWIFT_EMIT_LOC_STRINGS = YES;
				SWIFT_VERSION = 5.0;
				TARGETED_DEVICE_FAMILY = "1,2";
			};
			name = Release;
		};
		EDF572DC2A126EA000A275BD /* Debug */ = {
			isa = XCBuildConfiguration;
			buildSettings = {
				ALWAYS_EMBED_SWIFT_STANDARD_LIBRARIES = YES;
				BUNDLE_LOADER = "$(TEST_HOST)";
				CODE_SIGN_STYLE = Automatic;
				CURRENT_PROJECT_VERSION = 1;
				GENERATE_INFOPLIST_FILE = YES;
				IPHONEOS_DEPLOYMENT_TARGET = 15.5;
				MARKETING_VERSION = 1.0;
				PRODUCT_BUNDLE_IDENTIFIER = com.68lion.OrdersDeliveryAppTests;
				PRODUCT_NAME = "$(TARGET_NAME)";
				SWIFT_EMIT_LOC_STRINGS = NO;
				SWIFT_VERSION = 5.0;
				TARGETED_DEVICE_FAMILY = "1,2";
				TEST_HOST = "$(BUILT_PRODUCTS_DIR)/OrdersDeliveryApp.app/OrdersDeliveryApp";
			};
			name = Debug;
		};
		EDF572DD2A126EA000A275BD /* Release */ = {
			isa = XCBuildConfiguration;
			buildSettings = {
				ALWAYS_EMBED_SWIFT_STANDARD_LIBRARIES = YES;
				BUNDLE_LOADER = "$(TEST_HOST)";
				CODE_SIGN_STYLE = Automatic;
				CURRENT_PROJECT_VERSION = 1;
				GENERATE_INFOPLIST_FILE = YES;
				IPHONEOS_DEPLOYMENT_TARGET = 15.5;
				MARKETING_VERSION = 1.0;
				PRODUCT_BUNDLE_IDENTIFIER = com.68lion.OrdersDeliveryAppTests;
				PRODUCT_NAME = "$(TARGET_NAME)";
				SWIFT_EMIT_LOC_STRINGS = NO;
				SWIFT_VERSION = 5.0;
				TARGETED_DEVICE_FAMILY = "1,2";
				TEST_HOST = "$(BUILT_PRODUCTS_DIR)/OrdersDeliveryApp.app/OrdersDeliveryApp";
			};
			name = Release;
		};
		EDF572DF2A126EA000A275BD /* Debug */ = {
			isa = XCBuildConfiguration;
			buildSettings = {
				ALWAYS_EMBED_SWIFT_STANDARD_LIBRARIES = YES;
				CODE_SIGN_STYLE = Automatic;
				CURRENT_PROJECT_VERSION = 1;
				GENERATE_INFOPLIST_FILE = YES;
				MARKETING_VERSION = 1.0;
				PRODUCT_BUNDLE_IDENTIFIER = com.68lion.OrdersDeliveryAppUITests;
				PRODUCT_NAME = "$(TARGET_NAME)";
				SWIFT_EMIT_LOC_STRINGS = NO;
				SWIFT_VERSION = 5.0;
				TARGETED_DEVICE_FAMILY = "1,2";
				TEST_TARGET_NAME = OrdersDeliveryApp;
			};
			name = Debug;
		};
		EDF572E02A126EA000A275BD /* Release */ = {
			isa = XCBuildConfiguration;
			buildSettings = {
				ALWAYS_EMBED_SWIFT_STANDARD_LIBRARIES = YES;
				CODE_SIGN_STYLE = Automatic;
				CURRENT_PROJECT_VERSION = 1;
				GENERATE_INFOPLIST_FILE = YES;
				MARKETING_VERSION = 1.0;
				PRODUCT_BUNDLE_IDENTIFIER = com.68lion.OrdersDeliveryAppUITests;
				PRODUCT_NAME = "$(TARGET_NAME)";
				SWIFT_EMIT_LOC_STRINGS = NO;
				SWIFT_VERSION = 5.0;
				TARGETED_DEVICE_FAMILY = "1,2";
				TEST_TARGET_NAME = OrdersDeliveryApp;
			};
			name = Release;
		};
/* End XCBuildConfiguration section */

/* Begin XCConfigurationList section */
		EDF572A62A126E9A00A275BD /* Build configuration list for PBXProject "OrdersDeliveryApp" */ = {
			isa = XCConfigurationList;
			buildConfigurations = (
				EDF572D62A126EA000A275BD /* Debug */,
				EDF572D72A126EA000A275BD /* Release */,
			);
			defaultConfigurationIsVisible = 0;
			defaultConfigurationName = Release;
		};
		EDF572D82A126EA000A275BD /* Build configuration list for PBXNativeTarget "OrdersDeliveryApp" */ = {
			isa = XCConfigurationList;
			buildConfigurations = (
				EDF572D92A126EA000A275BD /* Debug */,
				EDF572DA2A126EA000A275BD /* Release */,
			);
			defaultConfigurationIsVisible = 0;
			defaultConfigurationName = Release;
		};
		EDF572DB2A126EA000A275BD /* Build configuration list for PBXNativeTarget "OrdersDeliveryAppTests" */ = {
			isa = XCConfigurationList;
			buildConfigurations = (
				EDF572DC2A126EA000A275BD /* Debug */,
				EDF572DD2A126EA000A275BD /* Release */,
			);
			defaultConfigurationIsVisible = 0;
			defaultConfigurationName = Release;
		};
		EDF572DE2A126EA000A275BD /* Build configuration list for PBXNativeTarget "OrdersDeliveryAppUITests" */ = {
			isa = XCConfigurationList;
			buildConfigurations = (
				EDF572DF2A126EA000A275BD /* Debug */,
				EDF572E02A126EA000A275BD /* Release */,
			);
			defaultConfigurationIsVisible = 0;
			defaultConfigurationName = Release;
		};
/* End XCConfigurationList section */

/* Begin XCVersionGroup section */
		EDF572B72A126E9A00A275BD /* OrdersDeliveryApp.xcdatamodeld */ = {
			isa = XCVersionGroup;
			children = (
				EDF572B82A126E9A00A275BD /* OrdersDeliveryApp.xcdatamodel */,
			);
			currentVersion = EDF572B82A126E9A00A275BD /* OrdersDeliveryApp.xcdatamodel */;
			path = OrdersDeliveryApp.xcdatamodeld;
			sourceTree = "<group>";
			versionGroupType = wrapper.xcdatamodel;
		};
/* End XCVersionGroup section */
	};
	rootObject = EDF572A32A126E9A00A275BD /* Project object */;
}
